
Microsoft Visual Studio Solution File, Format Version 12.00
# Visual Studio Version 16
VisualStudioVersion = 16.0.29215.179
MinimumVisualStudioVersion = 10.0.40219.1
Project("{FAE04EC0-301F-11D3-BF4B-00C04F79EFBC}") = "Assignment1", "Assignment1\Assignment1.csproj", "{F025C7B3-1304-4054-AB7C-D91BD289CF2F}"
EndProject
Global
	GlobalSection(SolutionConfigurationPlatforms) = preSolution
		Debug|Any CPU = Debug|Any CPU
		Release|Any CPU = Release|Any CPU
	EndGlobalSection
	GlobalSection(ProjectConfigurationPlatforms) = postSolution
		{F025C7B3-1304-4054-AB7C-D91BD289CF2F}.Debug|Any CPU.ActiveCfg = Debug|Any CPU
		{F025C7B3-1304-4054-AB7C-D91BD289CF2F}.Debug|Any CPU.Build.0 = Debug|Any CPU
		{F025C7B3-1304-4054-AB7C-D91BD289CF2F}.Release|Any CPU.ActiveCfg = Release|Any CPU
		{F025C7B3-1304-4054-AB7C-D91BD289CF2F}.Release|Any CPU.Build.0 = Release|Any CPU
	EndGlobalSection
	GlobalSection(SolutionProperties) = preSolution
		HideSolutionNode = FALSE
	EndGlobalSection
	GlobalSection(ExtensibilityGlobals) = postSolution
		SolutionGuid = {DC3AF2C2-F50F-4CC3-9CB3-6319BA8DA885}
	EndGlobalSection
EndGlobal
